
Microsoft Visual Studio Solution File, Format Version 12.00
# Visual Studio Version 17
VisualStudioVersion = 17.7.34221.43
MinimumVisualStudioVersion = 10.0.40219.1
Project("{FAE04EC0-301F-11D3-BF4B-00C04F79EFBC}") = "ExampleChallenges", "ExampleChallenges.csproj", "{1227E596-E724-4785-B430-C66C3A02DDDF}"
EndProject
Global
	GlobalSection(SolutionConfigurationPlatforms) = preSolution
		Debug|Any CPU = Debug|Any CPU
		Release|Any CPU = Release|Any CPU
	EndGlobalSection
	GlobalSection(ProjectConfigurationPlatforms) = postSolution
		{1227E596-E724-4785-B430-C66C3A02DDDF}.Debug|Any CPU.ActiveCfg = Debug|Any CPU
		{1227E596-E724-4785-B430-C66C3A02DDDF}.Debug|Any CPU.Build.0 = Debug|Any CPU
		{1227E596-E724-4785-B430-C66C3A02DDDF}.Release|Any CPU.ActiveCfg = Release|Any CPU
		{1227E596-E724-4785-B430-C66C3A02DDDF}.Release|Any CPU.Build.0 = Release|Any CPU
	EndGlobalSection
	GlobalSection(SolutionProperties) = preSolution
		HideSolutionNode = FALSE
	EndGlobalSection
	GlobalSection(ExtensibilityGlobals) = postSolution
		SolutionGuid = {60F35E50-4D17-4083-864E-9013045FA220}
	EndGlobalSection
EndGlobal
